
Microsoft Visual Studio Solution File, Format Version 12.00
# Visual Studio Version 17
VisualStudioVersion = 17.14.36408.4
MinimumVisualStudioVersion = 10.0.40219.1
Project("{8BC9CEB8-8B4A-11D0-8D11-00A0C91BC942}") = "Monka M1 Pro Battery Indicator", "Monka M1 Pro Battery Indicator.vcxproj", "{9AFB6113-4186-4B0B-8C19-1DCF9C819083}"
EndProject
Project("{54435603-DBB4-11D2-8724-00A0C9A8B90C}") = "M1 Pro Battery Indicator Installer", "..\M1 Pro Battery Indicator Installer\M1 Pro Battery Indicator Installer.vdproj", "{93AF0569-5910-5190-4B46-98892C988275}"
EndProject
Global
	GlobalSection(SolutionConfigurationPlatforms) = preSolution
		Debug|Any CPU = Debug|Any CPU
		Debug|ARM = Debug|ARM
		Debug|ARM64 = Debug|ARM64
		Debug|Win32 = Debug|Win32
		Debug|x64 = Debug|x64
		Debug|x86 = Debug|x86
		Monka M1 Pro Battery Indicator ARM|Any CPU = Monka M1 Pro Battery Indicator ARM|Any CPU
		Monka M1 Pro Battery Indicator ARM|ARM = Monka M1 Pro Battery Indicator ARM|ARM
		Monka M1 Pro Battery Indicator ARM|ARM64 = Monka M1 Pro Battery Indicator ARM|ARM64
		Monka M1 Pro Battery Indicator ARM|Win32 = Monka M1 Pro Battery Indicator ARM|Win32
		Monka M1 Pro Battery Indicator ARM|x64 = Monka M1 Pro Battery Indicator ARM|x64
		Monka M1 Pro Battery Indicator ARM|x86 = Monka M1 Pro Battery Indicator ARM|x86
		Release|Any CPU = Release|Any CPU
		Release|ARM = Release|ARM
		Release|ARM64 = Release|ARM64
		Release|Win32 = Release|Win32
		Release|x64 = Release|x64
		Release|x86 = Release|x86
	EndGlobalSection
	GlobalSection(ProjectConfigurationPlatforms) = postSolution
		{9AFB6113-4186-4B0B-8C19-1DCF9C819083}.Debug|Any CPU.ActiveCfg = Debug|x64
		{9AFB6113-4186-4B0B-8C19-1DCF9C819083}.Debug|Any CPU.Build.0 = Debug|x64
		{9AFB6113-4186-4B0B-8C19-1DCF9C819083}.Debug|ARM.ActiveCfg = Debug|x64
		{9AFB6113-4186-4B0B-8C19-1DCF9C819083}.Debug|ARM64.ActiveCfg = Debug|x64
		{9AFB6113-4186-4B0B-8C19-1DCF9C819083}.Debug|ARM64.Build.0 = Debug|x64
		{9AFB6113-4186-4B0B-8C19-1DCF9C819083}.Debug|Win32.ActiveCfg = Debug|Win32
		{9AFB6113-4186-4B0B-8C19-1DCF9C819083}.Debug|Win32.Build.0 = Debug|Win32
		{9AFB6113-4186-4B0B-8C19-1DCF9C819083}.Debug|x64.ActiveCfg = Debug|x64
		{9AFB6113-4186-4B0B-8C19-1DCF9C819083}.Debug|x64.Build.0 = Debug|x64
		{9AFB6113-4186-4B0B-8C19-1DCF9C819083}.Debug|x86.ActiveCfg = Debug|Win32
		{9AFB6113-4186-4B0B-8C19-1DCF9C819083}.Debug|x86.Build.0 = Debug|Win32
		{9AFB6113-4186-4B0B-8C19-1DCF9C819083}.Monka M1 Pro Battery Indicator ARM|Any CPU.ActiveCfg = Monka M1 Pro Battery Indicator ARM|x64
		{9AFB6113-4186-4B0B-8C19-1DCF9C819083}.Monka M1 Pro Battery Indicator ARM|Any CPU.Build.0 = Monka M1 Pro Battery Indicator ARM|x64
		{9AFB6113-4186-4B0B-8C19-1DCF9C819083}.Monka M1 Pro Battery Indicator ARM|ARM.ActiveCfg = Monka M1 Pro Battery Indicator ARM|x64
		{9AFB6113-4186-4B0B-8C19-1DCF9C819083}.Monka M1 Pro Battery Indicator ARM|ARM64.ActiveCfg = Monka M1 Pro Battery Indicator ARM|x64
		{9AFB6113-4186-4B0B-8C19-1DCF9C819083}.Monka M1 Pro Battery Indicator ARM|ARM64.Build.0 = Monka M1 Pro Battery Indicator ARM|x64
		{9AFB6113-4186-4B0B-8C19-1DCF9C819083}.Monka M1 Pro Battery Indicator ARM|Win32.ActiveCfg = Monka M1 Pro Battery Indicator ARM|Win32
		{9AFB6113-4186-4B0B-8C19-1DCF9C819083}.Monka M1 Pro Battery Indicator ARM|Win32.Build.0 = Monka M1 Pro Battery Indicator ARM|Win32
		{9AFB6113-4186-4B0B-8C19-1DCF9C819083}.Monka M1 Pro Battery Indicator ARM|x64.ActiveCfg = Monka M1 Pro Battery Indicator ARM|x64
		{9AFB6113-4186-4B0B-8C19-1DCF9C819083}.Monka M1 Pro Battery Indicator ARM|x64.Build.0 = Monka M1 Pro Battery Indicator ARM|x64
		{9AFB6113-4186-4B0B-8C19-1DCF9C819083}.Monka M1 Pro Battery Indicator ARM|x86.ActiveCfg = Monka M1 Pro Battery Indicator ARM|Win32
		{9AFB6113-4186-4B0B-8C19-1DCF9C819083}.Monka M1 Pro Battery Indicator ARM|x86.Build.0 = Monka M1 Pro Battery Indicator ARM|Win32
		{9AFB6113-4186-4B0B-8C19-1DCF9C819083}.Release|Any CPU.ActiveCfg = Release|x64
		{9AFB6113-4186-4B0B-8C19-1DCF9C819083}.Release|ARM.ActiveCfg = Release|x64
		{9AFB6113-4186-4B0B-8C19-1DCF9C819083}.Release|ARM64.ActiveCfg = Release|Win32
		{9AFB6113-4186-4B0B-8C19-1DCF9C819083}.Release|ARM64.Build.0 = Release|Win32
		{9AFB6113-4186-4B0B-8C19-1DCF9C819083}.Release|Win32.ActiveCfg = Release|x64
		{9AFB6113-4186-4B0B-8C19-1DCF9C819083}.Release|Win32.Build.0 = Release|x64
		{9AFB6113-4186-4B0B-8C19-1DCF9C819083}.Release|x64.ActiveCfg = Release|x64
		{9AFB6113-4186-4B0B-8C19-1DCF9C819083}.Release|x64.Build.0 = Release|x64
		{9AFB6113-4186-4B0B-8C19-1DCF9C819083}.Release|x86.ActiveCfg = Release|Win32
		{9AFB6113-4186-4B0B-8C19-1DCF9C819083}.Release|x86.Build.0 = Release|Win32
		{93AF0569-5910-5190-4B46-98892C988275}.Debug|Any CPU.ActiveCfg = Debug
		{93AF0569-5910-5190-4B46-98892C988275}.Debug|Any CPU.Build.0 = Debug
		{93AF0569-5910-5190-4B46-98892C988275}.Debug|ARM.ActiveCfg = Debug
		{93AF0569-5910-5190-4B46-98892C988275}.Debug|ARM.Build.0 = Debug
		{93AF0569-5910-5190-4B46-98892C988275}.Debug|ARM64.ActiveCfg = Debug
		{93AF0569-5910-5190-4B46-98892C988275}.Debug|ARM64.Build.0 = Debug
		{93AF0569-5910-5190-4B46-98892C988275}.Debug|Win32.ActiveCfg = Debug
		{93AF0569-5910-5190-4B46-98892C988275}.Debug|Win32.Build.0 = Debug
		{93AF0569-5910-5190-4B46-98892C988275}.Debug|x64.ActiveCfg = Debug
		{93AF0569-5910-5190-4B46-98892C988275}.Debug|x64.Build.0 = Debug
		{93AF0569-5910-5190-4B46-98892C988275}.Debug|x86.ActiveCfg = Debug
		{93AF0569-5910-5190-4B46-98892C988275}.Debug|x86.Build.0 = Debug
		{93AF0569-5910-5190-4B46-98892C988275}.Monka M1 Pro Battery Indicator ARM|Any CPU.ActiveCfg = Monka M1 Pro Battery Indicator ARM
		{93AF0569-5910-5190-4B46-98892C988275}.Monka M1 Pro Battery Indicator ARM|Any CPU.Build.0 = Monka M1 Pro Battery Indicator ARM
		{93AF0569-5910-5190-4B46-98892C988275}.Monka M1 Pro Battery Indicator ARM|ARM.ActiveCfg = Monka M1 Pro Battery Indicator ARM
		{93AF0569-5910-5190-4B46-98892C988275}.Monka M1 Pro Battery Indicator ARM|ARM.Build.0 = Monka M1 Pro Battery Indicator ARM
		{93AF0569-5910-5190-4B46-98892C988275}.Monka M1 Pro Battery Indicator ARM|ARM64.ActiveCfg = Monka M1 Pro Battery Indicator ARM
		{93AF0569-5910-5190-4B46-98892C988275}.Monka M1 Pro Battery Indicator ARM|ARM64.Build.0 = Monka M1 Pro Battery Indicator ARM
		{93AF0569-5910-5190-4B46-98892C988275}.Monka M1 Pro Battery Indicator ARM|Win32.ActiveCfg = Monka M1 Pro Battery Indicator ARM
		{93AF0569-5910-5190-4B46-98892C988275}.Monka M1 Pro Battery Indicator ARM|Win32.Build.0 = Monka M1 Pro Battery Indicator ARM
		{93AF0569-5910-5190-4B46-98892C988275}.Monka M1 Pro Battery Indicator ARM|x64.ActiveCfg = Monka M1 Pro Battery Indicator ARM
		{93AF0569-5910-5190-4B46-98892C988275}.Monka M1 Pro Battery Indicator ARM|x64.Build.0 = Monka M1 Pro Battery Indicator ARM
		{93AF0569-5910-5190-4B46-98892C988275}.Monka M1 Pro Battery Indicator ARM|x86.ActiveCfg = Monka M1 Pro Battery Indicator ARM
		{93AF0569-5910-5190-4B46-98892C988275}.Monka M1 Pro Battery Indicator ARM|x86.Build.0 = Monka M1 Pro Battery Indicator ARM
		{93AF0569-5910-5190-4B46-98892C988275}.Release|Any CPU.ActiveCfg = Release
		{93AF0569-5910-5190-4B46-98892C988275}.Release|Any CPU.Build.0 = Release
		{93AF0569-5910-5190-4B46-98892C988275}.Release|ARM.ActiveCfg = Release
		{93AF0569-5910-5190-4B46-98892C988275}.Release|ARM.Build.0 = Release
		{93AF0569-5910-5190-4B46-98892C988275}.Release|ARM64.ActiveCfg = Release
		{93AF0569-5910-5190-4B46-98892C988275}.Release|ARM64.Build.0 = Release
		{93AF0569-5910-5190-4B46-98892C988275}.Release|Win32.ActiveCfg = Release
		{93AF0569-5910-5190-4B46-98892C988275}.Release|Win32.Build.0 = Release
		{93AF0569-5910-5190-4B46-98892C988275}.Release|x64.ActiveCfg = Release
		{93AF0569-5910-5190-4B46-98892C988275}.Release|x64.Build.0 = Release
		{93AF0569-5910-5190-4B46-98892C988275}.Release|x86.ActiveCfg = Release
		{93AF0569-5910-5190-4B46-98892C988275}.Release|x86.Build.0 = Release
	EndGlobalSection
	GlobalSection(SolutionProperties) = preSolution
		HideSolutionNode = FALSE
	EndGlobalSection
	GlobalSection(ExtensibilityGlobals) = postSolution
		SolutionGuid = {E12A23DD-613B-4F1E-97B3-A47FF505D5CC}
	EndGlobalSection
EndGlobal
