<?xml version="1.0" encoding="utf-8"?>
<Project ToolsVersion="4.0" xmlns="http://schemas.microsoft.com/developer/msbuild/2003">
  <ItemGroup>
    <Filter Include="Source Files">
      <UniqueIdentifier>{4FC737F1-C7A5-4376-A066-2A32D752A2FF}</UniqueIdentifier>
      <Extensions>cpp;c;cc;cxx;c++;cppm;ixx;def;odl;idl;hpj;bat;asm;asmx</Extensions>
    </Filter>
    <Filter Include="Header Files">
      <UniqueIdentifier>{93995380-89BD-4b04-88EB-625FBE52EBFB}</UniqueIdentifier>
      <Extensions>h;hh;hpp;hxx;h++;hm;inl;inc;ipp;xsd</Extensions>
    </Filter>
    <Filter Include="Resource Files">
      <UniqueIdentifier>{67DA6AB6-F800-4c08-8B7A-83BB121AAD01}</UniqueIdentifier>
      <Extensions>rc;ico;cur;bmp;dlg;rc2;rct;bin;rgs;gif;jpg;jpeg;jpe;resx;tiff;tif;png;wav;mfcribbon-ms</Extensions>
    </Filter>
  </ItemGroup>
  <ItemGroup>
    <ClInclude Include="framework.h">
      <Filter>Header Files</Filter>
    </ClInclude>
    <ClInclude Include="targetver.h">
      <Filter>Header Files</Filter>
    </ClInclude>
    <ClInclude Include="Resource.h">
      <Filter>Header Files</Filter>
    </ClInclude>
    <ClInclude Include="Monka M1 Pro Battery Indicator.h">
      <Filter>Header Files</Filter>
    </ClInclude>
    <ClInclude Include="ui_renderer.h">
      <Filter>Header Files</Filter>
    </ClInclude>
    <ClInclude Include="svg_renderer.h">
      <Filter>Header Files</Filter>
    </ClInclude>
    <ClInclude Include="mouse_item.h">
      <Filter>Header Files</Filter>
    </ClInclude>
    <ClInclude Include="mouse_list.h">
      <Filter>Header Files</Filter>
    </ClInclude>
    <ClInclude Include="font_loader.h">
      <Filter>Header Files</Filter>
    </ClInclude>
    <ClInclude Include="device_discovery.h">
      <Filter>Header Files</Filter>
    </ClInclude>
    <ClInclude Include="settings_view.h">
      <Filter>Header Files</Filter>
    </ClInclude>
    <ClInclude Include="colors.h">
      <Filter>Header Files</Filter>
    </ClInclude>
    <ClInclude Include="battery_icon_renderer.h">
      <Filter>Header Files</Filter>
    </ClInclude>
    <ClInclude Include="tray_icon_renderer.h">
      <Filter>Header Files</Filter>
    </ClInclude>
    <ClInclude Include="settings_mouse_renderer.h">
      <Filter>Header Files</Filter>
    </ClInclude>
    <ClInclude Include="resource_loader.h">
      <Filter>Header Files</Filter>
    </ClInclude>
    <ClInclude Include="color_picker_dialog.h">
      <Filter>Header Files</Filter>
    </ClInclude>
  </ItemGroup>
  <ItemGroup>
    <ClCompile Include="Monka M1 Pro Battery Indicator.cpp">
      <Filter>Source Files</Filter>
    </ClCompile>
    <ClCompile Include="ui_renderer.cpp">
      <Filter>Source Files</Filter>
    </ClCompile>
    <ClCompile Include="svg_renderer.cpp">
      <Filter>Source Files</Filter>
    </ClCompile>
    <ClCompile Include="mouse_item.cpp">
      <Filter>Source Files</Filter>
    </ClCompile>
    <ClCompile Include="mouse_list.cpp">
      <Filter>Source Files</Filter>
    </ClCompile>
    <ClCompile Include="font_loader.cpp">
      <Filter>Source Files</Filter>
    </ClCompile>
    <ClCompile Include="device_discovery.cpp">
      <Filter>Source Files</Filter>
    </ClCompile>
    <ClCompile Include="settings_view.cpp">
      <Filter>Source Files</Filter>
    </ClCompile>
    <ClCompile Include="colors.cpp">
      <Filter>Source Files</Filter>
    </ClCompile>
    <ClCompile Include="battery_icon_renderer.cpp">
      <Filter>Source Files</Filter>
    </ClCompile>
    <ClCompile Include="tray_icon_renderer.cpp">
      <Filter>Source Files</Filter>
    </ClCompile>
    <ClCompile Include="settings_mouse_renderer.cpp">
      <Filter>Source Files</Filter>
    </ClCompile>
    <ClCompile Include="resource_loader.cpp">
      <Filter>Source Files</Filter>
    </ClCompile>
    <ClCompile Include="color_picker_dialog.cpp">
      <Filter>Source Files</Filter>
    </ClCompile>
  </ItemGroup>
  <ItemGroup>
    <ResourceCompile Include="Monka_M1_Pro_Battery_Indicator.rc">
      <Filter>Resource Files</Filter>
    </ResourceCompile>
  </ItemGroup>
  <ItemGroup>
    <Image Include="assets\icons\large.ico">
      <Filter>Resource Files</Filter>
    </Image>
    <Image Include="assets\icons\small.ico">
      <Filter>Resource Files</Filter>
    </Image>
  </ItemGroup>
  <ItemGroup>
    <None Include="assets\fonts\inter_variable.ttf" />
    <None Include="assets\fonts\geist_mono_variable.ttf" />
    <None Include="assets\svgs\battery_icons\battery_icon_charging.svg" />
    <None Include="assets\svgs\battery_icons\battery_icon_critical.svg" />
    <None Include="assets\svgs\battery_icons\battery_icon_empty.svg" />
    <None Include="assets\svgs\battery_icons\battery_icon_full.svg" />
    <None Include="assets\svgs\battery_icons\battery_icon_low.svg" />
    <None Include="assets\svgs\battery_icons\battery_icon_medium.svg" />
  </ItemGroup>
</Project>